github.com/astaxie/beego v1.7.1 h1:TuqX4F9e3ujVEycudgWrwUj11WMppLZyunJKIBoxTFw=
github.com/astaxie/beego v1.7.1/go.mod h1:0R4++1tUqERR0WYFWdfkcrsyoVBCG4DgpDGokT3yb+U=
github.com/bradfitz/gomemcache v0.0.0-20160117192205-fb1f79c6b65a h1:k5TuEkqEYCRs8+66WdOkswWOj+L/YbP5ruainvn94wg=
github.com/bradfitz/gomemcache v0.0.0-20160117192205-fb1f79c6b65a/go.mod h1:PmM6Mmwb0LSuEubjR8N7PtNe1KxZLtOUHtbeikc5h60=
github.com/gin-gonic/gin v1.1.4 h1:XLaCFbU39SSGRQrEeP7Z7mM3lvRqC4vE5tEaVdLDdSE=
github.com/gin-gonic/gin v1.1.4/go.mod h1:7cKuhb5qV2ggCFctp2fJQ+ErvciLZrIeoOSOm6mUr7Y=
github.com/golang/protobuf v0.0.0-20161117033126-8ee79997227b h1:fE/yi9pibxGEc0gSJuEShcsBXE2d5FW3OudsjE9tKzQ=
github.com/golang/protobuf v0.0.0-20161117033126-8ee79997227b/go.mod h1:6lQm79b+lXiMfvg/cZm0SGofjICqVBUtrP5yJMmIC1U=
github.com/gomodule/redigo v0.0.0-20180627144507-2cd21d9966bf h1:QiyWcEIeOkPTyeLwN4mguSULP/PWjmejPsU9elZAOeY=
github.com/gomodule/redigo v0.0.0-20180627144507-2cd21d9966bf/go.mod h1:B4C85qUVwatsJoIUNIfCRsp7qO0iAmpGFZ4EELWSbC4=
github.com/manucorporat/sse v0.0.0-20160126180136-ee05b128a739 h1:ykXz+pRRTibcSjG1yRhpdSHInF8yZY/mfn+Rz2Nd1rE=
github.com/manucorporat/sse v0.0.0-20160126180136-ee05b128a739/go.mod h1:zUx1mhth20V3VKgL5jbd1BSQcW4Fy6Qs4PZvQwRFwzM=
github.com/mattn/go-isatty v0.0.0-20161123143637-30a891c33c7c h1:YHHK/dEmr2Jo1cWD1VMB2waEeHJhHFp3CEylwWy/VcY=
github.com/mattn/go-isatty v0.0.0-20161123143637-30a891c33c7c/go.mod h1:M+lRXTBqGeGNdLjl/ufCoiOlB5xdOkqRJdNxMWT7Zi4=
golang.org/x/crypto v0.0.0-20190308221718-c2843e01d9a2/go.mod h1:djNgcEr1/C05ACkg1iLfiJU5Ep61QUkGW8qpdssI0+w=
golang.org/x/crypto v0.0.0-20191001103751-88343688bb37 h1:gOdmyiD3mSKehzalEgl5w2v7b/99fwe3lDj+Rrt/PJk=
golang.org/x/crypto v0.0.0-20191001103751-88343688bb37/go.mod h1:yigFU9vqHzYiE8UmvKecakEJjdnWj3jj499lnFckfCI=
golang.org/x/net v0.0.0-20190404232315-eb5bcb51f2a3/go.mod h1:t9HGtf8HONx5eT2rtn7q6eTqICYqUVnKs3thJo3Qplg=
golang.org/x/net v0.0.0-20190930134127-c5a3c61f89f3 h1:6KET3Sqa7fkVfD63QnAM81ZeYg5n4HwApOJkufONnHA=
golang.org/x/net v0.0.0-20190930134127-c5a3c61f89f3/go.mod h1:z5CRVTTTmAJ677TzLLGU+0bjPO0LkuOLi4/5GtJWs/s=
golang.org/x/sys v0.0.0-20190215142949-d0b11bdaac8a/go.mod h1:STP8DvDyc/dI5b8T5hshtkjS+E42TnysNCUPdjciGhY=
golang.org/x/sys v0.0.0-20190412213103-97732733099d/go.mod h1:h1NjWce9XRLGQEsW7wpKNCjG9DtNlClVuFLEZdDNbEs=
golang.org/x/text v0.3.0/go.mod h1:NqM8EUOU14njkJ3fqMW+pc6Ldnwhi/IjpwHt7yyuwOQ=
gopkg.in/go-playground/validator.v8 v8.18.1 h1:F8SLY5Vqesjs1nI1EL4qmF1PQZ1sitsmq0rPYXLyfGU=
gopkg.in/go-playground/validator.v8 v8.18.1/go.mod h1:RX2a/7Ha8BgOhfk7j780h4/u/RRjR0eouCJSH80/M2Y=
gopkg.in/yaml.v2 v2.0.0-20160928153709-a5b47d31c556 h1:hKXbLW5oaJoQgs8KrzTLdF4PoHi+0oQPgea9TNtvE3E=
gopkg.in/yaml.v2 v2.0.0-20160928153709-a5b47d31c556/go.mod h1:JAlM8MvJe8wmxCU4Bli9HhUf9+ttbYbLASfIpnQbh74=
